
Microsoft Visual Studio Solution File, Format Version 12.00
# Visual Studio Version 17
VisualStudioVersion = 17.11.35431.28
MinimumVisualStudioVersion = 10.0.40219.1
Project("{FAE04EC0-301F-11D3-BF4B-00C04F79EFBC}") = "EpicPanels_Group5_FinalProject", "EpicPanels_Group5_FinalProject\EpicPanels_Group5_FinalProject.csproj", "{752ABCEC-E5C7-4FA9-90A8-B0EA42FFA4A8}"
EndProject
Global
	GlobalSection(SolutionConfigurationPlatforms) = preSolution
		Debug|Any CPU = Debug|Any CPU
		Release|Any CPU = Release|Any CPU
	EndGlobalSection
	GlobalSection(ProjectConfigurationPlatforms) = postSolution
		{752ABCEC-E5C7-4FA9-90A8-B0EA42FFA4A8}.Debug|Any CPU.ActiveCfg = Debug|Any CPU
		{752ABCEC-E5C7-4FA9-90A8-B0EA42FFA4A8}.Debug|Any CPU.Build.0 = Debug|Any CPU
		{752ABCEC-E5C7-4FA9-90A8-B0EA42FFA4A8}.Release|Any CPU.ActiveCfg = Release|Any CPU
		{752ABCEC-E5C7-4FA9-90A8-B0EA42FFA4A8}.Release|Any CPU.Build.0 = Release|Any CPU
	EndGlobalSection
	GlobalSection(SolutionProperties) = preSolution
		HideSolutionNode = FALSE
	EndGlobalSection
	GlobalSection(ExtensibilityGlobals) = postSolution
		SolutionGuid = {22A9E98D-0215-46E4-9B54-C7E06DF08FB9}
	EndGlobalSection
EndGlobal
